{
  "name": "pasta",
  "version": "0.0.0",
  "lockfileVersion": 3,
  "requires": true,
  "packages": {
    "": {
      "name": "pasta",
      "version": "0.0.0",
      "license": "MIT",
      "dependencies": {
        "@zouloux/static-http": "^1.0.1"
      }
    },
    "node_modules/@zouloux/static-http": {
      "version": "1.0.1",
      "resolved": "https://registry.npmjs.org/@zouloux/static-http/-/static-http-1.0.1.tgz",
      "integrity": "sha512-9I5EX0DifpA3G0WJpt2lPMAjfjwm0Qu7bRNiz+xlErpSi+34Y1cRW7sdipjtxeNFzLVovurSCw5hcHB8dVTxvw==",
      "bin": {
        "static-http": "dist/cli.es2020.mjs",
        "static-http-legacy": "dist/cli.es2017.cjs"
      }
    }
  }
}
